
Microsoft Visual Studio Solution File, Format Version 12.00
# Visual Studio 15
VisualStudioVersion = 15.0.28307.421
MinimumVisualStudioVersion = 10.0.40219.1
Project("{8BC9CEB8-8B4A-11D0-8D11-00A0C91BC942}") = "SDL test", "SDL test\SDL test.vcxproj", "{1D1A2981-90E7-4885-A47D-39DC2B7F9ABD}"
EndProject
Global
	GlobalSection(SolutionConfigurationPlatforms) = preSolution
		Debug|x64 = Debug|x64
		Debug|x86 = Debug|x86
		Release|x64 = Release|x64
		Release|x86 = Release|x86
	EndGlobalSection
	GlobalSection(ProjectConfigurationPlatforms) = postSolution
		{1D1A2981-90E7-4885-A47D-39DC2B7F9ABD}.Debug|x64.ActiveCfg = Debug|x64
		{1D1A2981-90E7-4885-A47D-39DC2B7F9ABD}.Debug|x64.Build.0 = Debug|x64
		{1D1A2981-90E7-4885-A47D-39DC2B7F9ABD}.Debug|x86.ActiveCfg = Debug|Win32
		{1D1A2981-90E7-4885-A47D-39DC2B7F9ABD}.Debug|x86.Build.0 = Debug|Win32
		{1D1A2981-90E7-4885-A47D-39DC2B7F9ABD}.Release|x64.ActiveCfg = Release|x64
		{1D1A2981-90E7-4885-A47D-39DC2B7F9ABD}.Release|x64.Build.0 = Release|x64
		{1D1A2981-90E7-4885-A47D-39DC2B7F9ABD}.Release|x86.ActiveCfg = Release|Win32
		{1D1A2981-90E7-4885-A47D-39DC2B7F9ABD}.Release|x86.Build.0 = Release|Win32
	EndGlobalSection
	GlobalSection(SolutionProperties) = preSolution
		HideSolutionNode = FALSE
	EndGlobalSection
	GlobalSection(ExtensibilityGlobals) = postSolution
		SolutionGuid = {FD6A4391-D1D7-45DC-83E7-9F0D9649145C}
	EndGlobalSection
EndGlobal
